
Microsoft Visual Studio Solution File, Format Version 12.00
# Visual Studio Version 16
VisualStudioVersion = 16.0.31129.286
MinimumVisualStudioVersion = 10.0.40219.1
Project("{FAE04EC0-301F-11D3-BF4B-00C04F79EFBC}") = "Assignment", "Assignment\Assignment.csproj", "{2DB41886-2824-493E-B5A9-6C937C2F8C3A}"
EndProject
Global
	GlobalSection(SolutionConfigurationPlatforms) = preSolution
		Debug|Any CPU = Debug|Any CPU
		Release|Any CPU = Release|Any CPU
	EndGlobalSection
	GlobalSection(ProjectConfigurationPlatforms) = postSolution
		{2DB41886-2824-493E-B5A9-6C937C2F8C3A}.Debug|Any CPU.ActiveCfg = Debug|Any CPU
		{2DB41886-2824-493E-B5A9-6C937C2F8C3A}.Debug|Any CPU.Build.0 = Debug|Any CPU
		{2DB41886-2824-493E-B5A9-6C937C2F8C3A}.Release|Any CPU.ActiveCfg = Release|Any CPU
		{2DB41886-2824-493E-B5A9-6C937C2F8C3A}.Release|Any CPU.Build.0 = Release|Any CPU
	EndGlobalSection
	GlobalSection(SolutionProperties) = preSolution
		HideSolutionNode = FALSE
	EndGlobalSection
	GlobalSection(ExtensibilityGlobals) = postSolution
		SolutionGuid = {33F706E3-4E68-405F-AF48-79D042D29735}
	EndGlobalSection
EndGlobal
